
Microsoft Visual Studio Solution File, Format Version 12.00
# Visual Studio Version 16
VisualStudioVersion = 16.0.31205.134
MinimumVisualStudioVersion = 10.0.40219.1
Project("{9A19103F-16F7-4668-BE54-9A1E7A4F7556}") = "BTD", "BTD\BTD.csproj", "{4BBA51AC-307A-4C76-9CD7-A24C4F1EEC80}"
EndProject
Project("{FAE04EC0-301F-11D3-BF4B-00C04F79EFBC}") = "BTDService", "BTDService\BTDService.csproj", "{88003487-B75B-41A7-8B13-50F0896F654C}"
EndProject
Project("{FAE04EC0-301F-11D3-BF4B-00C04F79EFBC}") = "BTDCore", "BTDCore\BTDCore.csproj", "{772B540E-2539-4A80-9B74-DED3C8E2B2FE}"
EndProject
Global
	GlobalSection(SolutionConfigurationPlatforms) = preSolution
		Debug|Any CPU = Debug|Any CPU
		Release|Any CPU = Release|Any CPU
	EndGlobalSection
	GlobalSection(ProjectConfigurationPlatforms) = postSolution
		{4BBA51AC-307A-4C76-9CD7-A24C4F1EEC80}.Debug|Any CPU.ActiveCfg = Debug|Any CPU
		{4BBA51AC-307A-4C76-9CD7-A24C4F1EEC80}.Debug|Any CPU.Build.0 = Debug|Any CPU
		{4BBA51AC-307A-4C76-9CD7-A24C4F1EEC80}.Release|Any CPU.ActiveCfg = Release|Any CPU
		{4BBA51AC-307A-4C76-9CD7-A24C4F1EEC80}.Release|Any CPU.Build.0 = Release|Any CPU
		{88003487-B75B-41A7-8B13-50F0896F654C}.Debug|Any CPU.ActiveCfg = Debug|Any CPU
		{88003487-B75B-41A7-8B13-50F0896F654C}.Debug|Any CPU.Build.0 = Debug|Any CPU
		{88003487-B75B-41A7-8B13-50F0896F654C}.Release|Any CPU.ActiveCfg = Release|Any CPU
		{88003487-B75B-41A7-8B13-50F0896F654C}.Release|Any CPU.Build.0 = Release|Any CPU
		{772B540E-2539-4A80-9B74-DED3C8E2B2FE}.Debug|Any CPU.ActiveCfg = Debug|Any CPU
		{772B540E-2539-4A80-9B74-DED3C8E2B2FE}.Debug|Any CPU.Build.0 = Debug|Any CPU
		{772B540E-2539-4A80-9B74-DED3C8E2B2FE}.Release|Any CPU.ActiveCfg = Release|Any CPU
		{772B540E-2539-4A80-9B74-DED3C8E2B2FE}.Release|Any CPU.Build.0 = Release|Any CPU
	EndGlobalSection
	GlobalSection(SolutionProperties) = preSolution
		HideSolutionNode = FALSE
	EndGlobalSection
	GlobalSection(ExtensibilityGlobals) = postSolution
		SolutionGuid = {80D6F7C6-9B53-483F-B00C-0073A262FEE3}
	EndGlobalSection
EndGlobal
